
Microsoft Visual Studio Solution File, Format Version 12.00
# Visual Studio 15
VisualStudioVersion = 15.0.28010.2036
MinimumVisualStudioVersion = 10.0.40219.1
Project("{9A19103F-16F7-4668-BE54-9A1E7A4F7556}") = "UnpiNet", "UnpiNet\UnpiNet.csproj", "{61563195-1D5B-4688-9939-908830CC8DF7}"
EndProject
Project("{2150E333-8FDC-42A3-9474-1A3956D46DE8}") = "Solution Items", "Solution Items", "{B3FD1FA8-FED8-4B35-8CF8-8D30B309C77C}"
	ProjectSection(SolutionItems) = preProject
		..\appveyor.yml = ..\appveyor.yml
		..\README.md = ..\README.md
	EndProjectSection
EndProject
Global
	GlobalSection(SolutionConfigurationPlatforms) = preSolution
		Debug|Any CPU = Debug|Any CPU
		Release|Any CPU = Release|Any CPU
	EndGlobalSection
	GlobalSection(ProjectConfigurationPlatforms) = postSolution
		{61563195-1D5B-4688-9939-908830CC8DF7}.Debug|Any CPU.ActiveCfg = Debug|Any CPU
		{61563195-1D5B-4688-9939-908830CC8DF7}.Debug|Any CPU.Build.0 = Debug|Any CPU
		{61563195-1D5B-4688-9939-908830CC8DF7}.Release|Any CPU.ActiveCfg = Release|Any CPU
		{61563195-1D5B-4688-9939-908830CC8DF7}.Release|Any CPU.Build.0 = Release|Any CPU
	EndGlobalSection
	GlobalSection(SolutionProperties) = preSolution
		HideSolutionNode = FALSE
	EndGlobalSection
	GlobalSection(ExtensibilityGlobals) = postSolution
		SolutionGuid = {D37690F6-1598-44AB-96A5-0FE9939FB03F}
	EndGlobalSection
EndGlobal
